// !$*UTF8*$!
{
	archiveVersion = 1;
	classes = {
	};
	objectVersion = 77;
	objects = {

/* Begin PBXBuildFile section */
		291F88212CBE98BE00D427D5 /* Network in Frameworks */ = {isa = PBXBuildFile; productRef = 291F88202CBE98BE00D427D5 /* Network */; };
		291F8B372CC418D400D427D5 /* CachedAsyncImage in Frameworks */ = {isa = PBXBuildFile; productRef = 291F8B362CC418D400D427D5 /* CachedAsyncImage */; };
/* End PBXBuildFile section */

/* Begin PBXContainerItemProxy section */
		291F87CF2CBE71AA00D427D5 /* PBXContainerItemProxy */ = {
			isa = PBXContainerItemProxy;
			containerPortal = 291F87B12CBE71A800D427D5 /* Project object */;
			proxyType = 1;
			remoteGlobalIDString = 291F87B82CBE71A800D427D5;
			remoteInfo = Witch;
		};
		291F87D92CBE71AA00D427D5 /* PBXContainerItemProxy */ = {
			isa = PBXContainerItemProxy;
			containerPortal = 291F87B12CBE71A800D427D5 /* Project object */;
			proxyType = 1;
			remoteGlobalIDString = 291F87B82CBE71A800D427D5;
			remoteInfo = Witch;
		};
/* End PBXContainerItemProxy section */

/* Begin PBXFileReference section */
		291F87B92CBE71A800D427D5 /* Witch.app */ = {isa = PBXFileReference; explicitFileType = wrapper.application; includeInIndex = 0; path = Witch.app; sourceTree = BUILT_PRODUCTS_DIR; };
		291F87CE2CBE71AA00D427D5 /* WitchTests.xctest */ = {isa = PBXFileReference; explicitFileType = wrapper.cfbundle; includeInIndex = 0; path = WitchTests.xctest; sourceTree = BUILT_PRODUCTS_DIR; };
		291F87D82CBE71AA00D427D5 /* WitchUITests.xctest */ = {isa = PBXFileReference; explicitFileType = wrapper.cfbundle; includeInIndex = 0; path = WitchUITests.xctest; sourceTree = BUILT_PRODUCTS_DIR; };
/* End PBXFileReference section */

/* Begin PBXFileSystemSynchronizedBuildFileExceptionSet section */
		291F88192CBE786100D427D5 /* Exceptions for "Witch" folder in "Witch" target */ = {
			isa = PBXFileSystemSynchronizedBuildFileExceptionSet;
			membershipExceptions = (
				Network,
			);
			target = 291F87B82CBE71A800D427D5 /* Witch */;
		};
/* End PBXFileSystemSynchronizedBuildFileExceptionSet section */

/* Begin PBXFileSystemSynchronizedRootGroup section */
		291F87BB2CBE71A800D427D5 /* Witch */ = {
			isa = PBXFileSystemSynchronizedRootGroup;
			exceptions = (
				291F88192CBE786100D427D5 /* Exceptions for "Witch" folder in "Witch" target */,
			);
			path = Witch;
			sourceTree = "<group>";
		};
		291F87D12CBE71AA00D427D5 /* WitchTests */ = {
			isa = PBXFileSystemSynchronizedRootGroup;
			path = WitchTests;
			sourceTree = "<group>";
		};
		291F87DB2CBE71AA00D427D5 /* WitchUITests */ = {
			isa = PBXFileSystemSynchronizedRootGroup;
			path = WitchUITests;
			sourceTree = "<group>";
		};
/* End PBXFileSystemSynchronizedRootGroup section */

/* Begin PBXFrameworksBuildPhase section */
		291F87B62CBE71A800D427D5 /* Frameworks */ = {
			isa = PBXFrameworksBuildPhase;
			buildActionMask = 2147483647;
			files = (
				291F88212CBE98BE00D427D5 /* Network in Frameworks */,
				291F8B372CC418D400D427D5 /* CachedAsyncImage in Frameworks */,
			);
			runOnlyForDeploymentPostprocessing = 0;
		};
		291F87CB2CBE71AA00D427D5 /* Frameworks */ = {
			isa = PBXFrameworksBuildPhase;
			buildActionMask = 2147483647;
			files = (
			);
			runOnlyForDeploymentPostprocessing = 0;
		};
		291F87D52CBE71AA00D427D5 /* Frameworks */ = {
			isa = PBXFrameworksBuildPhase;
			buildActionMask = 2147483647;
			files = (
			);
			runOnlyForDeploymentPostprocessing = 0;
		};
/* End PBXFrameworksBuildPhase section */

/* Begin PBXGroup section */
		291F87B02CBE71A800D427D5 = {
			isa = PBXGroup;
			children = (
				291F87BB2CBE71A800D427D5 /* Witch */,
				291F87D12CBE71AA00D427D5 /* WitchTests */,
				291F87DB2CBE71AA00D427D5 /* WitchUITests */,
				291F881F2CBE98BE00D427D5 /* Frameworks */,
				291F87BA2CBE71A800D427D5 /* Products */,
			);
			sourceTree = "<group>";
		};
		291F87BA2CBE71A800D427D5 /* Products */ = {
			isa = PBXGroup;
			children = (
				291F87B92CBE71A800D427D5 /* Witch.app */,
				291F87CE2CBE71AA00D427D5 /* WitchTests.xctest */,
				291F87D82CBE71AA00D427D5 /* WitchUITests.xctest */,
			);
			name = Products;
			sourceTree = "<group>";
		};
		291F881F2CBE98BE00D427D5 /* Frameworks */ = {
			isa = PBXGroup;
			children = (
			);
			name = Frameworks;
			sourceTree = "<group>";
		};
/* End PBXGroup section */

/* Begin PBXNativeTarget section */
		291F87B82CBE71A800D427D5 /* Witch */ = {
			isa = PBXNativeTarget;
			buildConfigurationList = 291F87E22CBE71AA00D427D5 /* Build configuration list for PBXNativeTarget "Witch" */;
			buildPhases = (
				291F87B52CBE71A800D427D5 /* Sources */,
				291F87B62CBE71A800D427D5 /* Frameworks */,
				291F87B72CBE71A800D427D5 /* Resources */,
			);
			buildRules = (
			);
			dependencies = (
			);
			fileSystemSynchronizedGroups = (
				291F87BB2CBE71A800D427D5 /* Witch */,
			);
			name = Witch;
			packageProductDependencies = (
				291F88202CBE98BE00D427D5 /* Network */,
				291F8B362CC418D400D427D5 /* CachedAsyncImage */,
			);
			productName = Witch;
			productReference = 291F87B92CBE71A800D427D5 /* Witch.app */;
			productType = "com.apple.product-type.application";
		};
		291F87CD2CBE71AA00D427D5 /* WitchTests */ = {
			isa = PBXNativeTarget;
			buildConfigurationList = 291F87E52CBE71AA00D427D5 /* Build configuration list for PBXNativeTarget "WitchTests" */;
			buildPhases = (
				291F87CA2CBE71AA00D427D5 /* Sources */,
				291F87CB2CBE71AA00D427D5 /* Frameworks */,
				291F87CC2CBE71AA00D427D5 /* Resources */,
			);
			buildRules = (
			);
			dependencies = (
				291F87D02CBE71AA00D427D5 /* PBXTargetDependency */,
			);
			fileSystemSynchronizedGroups = (
				291F87D12CBE71AA00D427D5 /* WitchTests */,
			);
			name = WitchTests;
			packageProductDependencies = (
			);
			productName = WitchTests;
			productReference = 291F87CE2CBE71AA00D427D5 /* WitchTests.xctest */;
			productType = "com.apple.product-type.bundle.unit-test";
		};
		291F87D72CBE71AA00D427D5 /* WitchUITests */ = {
			isa = PBXNativeTarget;
			buildConfigurationList = 291F87E82CBE71AA00D427D5 /* Build configuration list for PBXNativeTarget "WitchUITests" */;
			buildPhases = (
				291F87D42CBE71AA00D427D5 /* Sources */,
				291F87D52CBE71AA00D427D5 /* Frameworks */,
				291F87D62CBE71AA00D427D5 /* Resources */,
			);
			buildRules = (
			);
			dependencies = (
				291F87DA2CBE71AA00D427D5 /* PBXTargetDependency */,
			);
			fileSystemSynchronizedGroups = (
				291F87DB2CBE71AA00D427D5 /* WitchUITests */,
			);
			name = WitchUITests;
			packageProductDependencies = (
			);
			productName = WitchUITests;
			productReference = 291F87D82CBE71AA00D427D5 /* WitchUITests.xctest */;
			productType = "com.apple.product-type.bundle.ui-testing";
		};
/* End PBXNativeTarget section */

/* Begin PBXProject section */
		291F87B12CBE71A800D427D5 /* Project object */ = {
			isa = PBXProject;
			attributes = {
				BuildIndependentTargetsInParallel = 1;
				LastSwiftUpdateCheck = 1600;
				LastUpgradeCheck = 1600;
				TargetAttributes = {
					291F87B82CBE71A800D427D5 = {
						CreatedOnToolsVersion = 16.0;
					};
					291F87CD2CBE71AA00D427D5 = {
						CreatedOnToolsVersion = 16.0;
						LastSwiftMigration = 1600;
						TestTargetID = 291F87B82CBE71A800D427D5;
					};
					291F87D72CBE71AA00D427D5 = {
						CreatedOnToolsVersion = 16.0;
						TestTargetID = 291F87B82CBE71A800D427D5;
					};
				};
			};
			buildConfigurationList = 291F87B42CBE71A800D427D5 /* Build configuration list for PBXProject "Witch" */;
			developmentRegion = en;
			hasScannedForEncodings = 0;
			knownRegions = (
				en,
				Base,
			);
			mainGroup = 291F87B02CBE71A800D427D5;
			minimizedProjectReferenceProxies = 1;
			packageReferences = (
				291F8B352CC4185800D427D5 /* XCRemoteSwiftPackageReference "swiftui-cached-async-image" */,
			);
			preferredProjectObjectVersion = 77;
			productRefGroup = 291F87BA2CBE71A800D427D5 /* Products */;
			projectDirPath = "";
			projectRoot = "";
			targets = (
				291F87B82CBE71A800D427D5 /* Witch */,
				291F87CD2CBE71AA00D427D5 /* WitchTests */,
				291F87D72CBE71AA00D427D5 /* WitchUITests */,
			);
		};
/* End PBXProject section */

/* Begin PBXResourcesBuildPhase section */
		291F87B72CBE71A800D427D5 /* Resources */ = {
			isa = PBXResourcesBuildPhase;
			buildActionMask = 2147483647;
			files = (
			);
			runOnlyForDeploymentPostprocessing = 0;
		};
		291F87CC2CBE71AA00D427D5 /* Resources */ = {
			isa = PBXResourcesBuildPhase;
			buildActionMask = 2147483647;
			files = (
			);
			runOnlyForDeploymentPostprocessing = 0;
		};
		291F87D62CBE71AA00D427D5 /* Resources */ = {
			isa = PBXResourcesBuildPhase;
			buildActionMask = 2147483647;
			files = (
			);
			runOnlyForDeploymentPostprocessing = 0;
		};
/* End PBXResourcesBuildPhase section */

/* Begin PBXSourcesBuildPhase section */
		291F87B52CBE71A800D427D5 /* Sources */ = {
			isa = PBXSourcesBuildPhase;
			buildActionMask = 2147483647;
			files = (
			);
			runOnlyForDeploymentPostprocessing = 0;
		};
		291F87CA2CBE71AA00D427D5 /* Sources */ = {
			isa = PBXSourcesBuildPhase;
			buildActionMask = 2147483647;
			files = (
			);
			runOnlyForDeploymentPostprocessing = 0;
		};
		291F87D42CBE71AA00D427D5 /* Sources */ = {
			isa = PBXSourcesBuildPhase;
			buildActionMask = 2147483647;
			files = (
			);
			runOnlyForDeploymentPostprocessing = 0;
		};
/* End PBXSourcesBuildPhase section */

/* Begin PBXTargetDependency section */
		291F87D02CBE71AA00D427D5 /* PBXTargetDependency */ = {
			isa = PBXTargetDependency;
			target = 291F87B82CBE71A800D427D5 /* Witch */;
			targetProxy = 291F87CF2CBE71AA00D427D5 /* PBXContainerItemProxy */;
		};
		291F87DA2CBE71AA00D427D5 /* PBXTargetDependency */ = {
			isa = PBXTargetDependency;
			target = 291F87B82CBE71A800D427D5 /* Witch */;
			targetProxy = 291F87D92CBE71AA00D427D5 /* PBXContainerItemProxy */;
		};
/* End PBXTargetDependency section */

/* Begin XCBuildConfiguration section */
		291F87E02CBE71AA00D427D5 /* Debug */ = {
			isa = XCBuildConfiguration;
			buildSettings = {
				ALWAYS_SEARCH_USER_PATHS = NO;
				ASSETCATALOG_COMPILER_GENERATE_SWIFT_ASSET_SYMBOL_EXTENSIONS = YES;
				CLANG_ANALYZER_NONNULL = YES;
				CLANG_ANALYZER_NUMBER_OBJECT_CONVERSION = YES_AGGRESSIVE;
				CLANG_CXX_LANGUAGE_STANDARD = "gnu++20";
				CLANG_ENABLE_MODULES = YES;
				CLANG_ENABLE_OBJC_ARC = YES;
				CLANG_ENABLE_OBJC_WEAK = YES;
				CLANG_WARN_BLOCK_CAPTURE_AUTORELEASING = YES;
				CLANG_WARN_BOOL_CONVERSION = YES;
				CLANG_WARN_COMMA = YES;
				CLANG_WARN_CONSTANT_CONVERSION = YES;
				CLANG_WARN_DEPRECATED_OBJC_IMPLEMENTATIONS = YES;
				CLANG_WARN_DIRECT_OBJC_ISA_USAGE = YES_ERROR;
				CLANG_WARN_DOCUMENTATION_COMMENTS = YES;
				CLANG_WARN_EMPTY_BODY = YES;
				CLANG_WARN_ENUM_CONVERSION = YES;
				CLANG_WARN_INFINITE_RECURSION = YES;
				CLANG_WARN_INT_CONVERSION = YES;
				CLANG_WARN_NON_LITERAL_NULL_CONVERSION = YES;
				CLANG_WARN_OBJC_IMPLICIT_RETAIN_SELF = YES;
				CLANG_WARN_OBJC_LITERAL_CONVERSION = YES;
				CLANG_WARN_OBJC_ROOT_CLASS = YES_ERROR;
				CLANG_WARN_QUOTED_INCLUDE_IN_FRAMEWORK_HEADER = YES;
				CLANG_WARN_RANGE_LOOP_ANALYSIS = YES;
				CLANG_WARN_STRICT_PROTOTYPES = YES;
				CLANG_WARN_SUSPICIOUS_MOVE = YES;
				CLANG_WARN_UNGUARDED_AVAILABILITY = YES_AGGRESSIVE;
				CLANG_WARN_UNREACHABLE_CODE = YES;
				CLANG_WARN__DUPLICATE_METHOD_MATCH = YES;
				COPY_PHASE_STRIP = NO;
				DEBUG_INFORMATION_FORMAT = dwarf;
				ENABLE_STRICT_OBJC_MSGSEND = YES;
				ENABLE_TESTABILITY = YES;
				ENABLE_USER_SCRIPT_SANDBOXING = YES;
				GCC_C_LANGUAGE_STANDARD = gnu17;
				GCC_DYNAMIC_NO_PIC = NO;
				GCC_NO_COMMON_BLOCKS = YES;
				GCC_OPTIMIZATION_LEVEL = 0;
				GCC_PREPROCESSOR_DEFINITIONS = (
					"DEBUG=1",
					"$(inherited)",
				);
				GCC_WARN_64_TO_32_BIT_CONVERSION = YES;
				GCC_WARN_ABOUT_RETURN_TYPE = YES_ERROR;
				GCC_WARN_UNDECLARED_SELECTOR = YES;
				GCC_WARN_UNINITIALIZED_AUTOS = YES_AGGRESSIVE;
				GCC_WARN_UNUSED_FUNCTION = YES;
				GCC_WARN_UNUSED_VARIABLE = YES;
				IPHONEOS_DEPLOYMENT_TARGET = 18.0;
				LOCALIZATION_PREFERS_STRING_CATALOGS = YES;
				MTL_ENABLE_DEBUG_INFO = INCLUDE_SOURCE;
				MTL_FAST_MATH = YES;
				ONLY_ACTIVE_ARCH = YES;
				SDKROOT = iphoneos;
				SWIFT_ACTIVE_COMPILATION_CONDITIONS = "DEBUG $(inherited)";
				SWIFT_OPTIMIZATION_LEVEL = "-Onone";
			};
			name = Debug;
		};
		291F87E12CBE71AA00D427D5 /* Release */ = {
			isa = XCBuildConfiguration;
			buildSettings = {
				ALWAYS_SEARCH_USER_PATHS = NO;
				ASSETCATALOG_COMPILER_GENERATE_SWIFT_ASSET_SYMBOL_EXTENSIONS = YES;
				CLANG_ANALYZER_NONNULL = YES;
				CLANG_ANALYZER_NUMBER_OBJECT_CONVERSION = YES_AGGRESSIVE;
				CLANG_CXX_LANGUAGE_STANDARD = "gnu++20";
				CLANG_ENABLE_MODULES = YES;
				CLANG_ENABLE_OBJC_ARC = YES;
				CLANG_ENABLE_OBJC_WEAK = YES;
				CLANG_WARN_BLOCK_CAPTURE_AUTORELEASING = YES;
				CLANG_WARN_BOOL_CONVERSION = YES;
				CLANG_WARN_COMMA = YES;
				CLANG_WARN_CONSTANT_CONVERSION = YES;
				CLANG_WARN_DEPRECATED_OBJC_IMPLEMENTATIONS = YES;
				CLANG_WARN_DIRECT_OBJC_ISA_USAGE = YES_ERROR;
				CLANG_WARN_DOCUMENTATION_COMMENTS = YES;
				CLANG_WARN_EMPTY_BODY = YES;
				CLANG_WARN_ENUM_CONVERSION = YES;
				CLANG_WARN_INFINITE_RECURSION = YES;
				CLANG_WARN_INT_CONVERSION = YES;
				CLANG_WARN_NON_LITERAL_NULL_CONVERSION = YES;
				CLANG_WARN_OBJC_IMPLICIT_RETAIN_SELF = YES;
				CLANG_WARN_OBJC_LITERAL_CONVERSION = YES;
				CLANG_WARN_OBJC_ROOT_CLASS = YES_ERROR;
				CLANG_WARN_QUOTED_INCLUDE_IN_FRAMEWORK_HEADER = YES;
				CLANG_WARN_RANGE_LOOP_ANALYSIS = YES;
				CLANG_WARN_STRICT_PROTOTYPES = YES;
				CLANG_WARN_SUSPICIOUS_MOVE = YES;
				CLANG_WARN_UNGUARDED_AVAILABILITY = YES_AGGRESSIVE;
				CLANG_WARN_UNREACHABLE_CODE = YES;
				CLANG_WARN__DUPLICATE_METHOD_MATCH = YES;
				COPY_PHASE_STRIP = NO;
				DEBUG_INFORMATION_FORMAT = "dwarf-with-dsym";
				ENABLE_NS_ASSERTIONS = NO;
				ENABLE_STRICT_OBJC_MSGSEND = YES;
				ENABLE_USER_SCRIPT_SANDBOXING = YES;
				GCC_C_LANGUAGE_STANDARD = gnu17;
				GCC_NO_COMMON_BLOCKS = YES;
				GCC_WARN_64_TO_32_BIT_CONVERSION = YES;
				GCC_WARN_ABOUT_RETURN_TYPE = YES_ERROR;
				GCC_WARN_UNDECLARED_SELECTOR = YES;
				GCC_WARN_UNINITIALIZED_AUTOS = YES_AGGRESSIVE;
				GCC_WARN_UNUSED_FUNCTION = YES;
				GCC_WARN_UNUSED_VARIABLE = YES;
				IPHONEOS_DEPLOYMENT_TARGET = 18.0;
				LOCALIZATION_PREFERS_STRING_CATALOGS = YES;
				MTL_ENABLE_DEBUG_INFO = NO;
				MTL_FAST_MATH = YES;
				SDKROOT = iphoneos;
				SWIFT_COMPILATION_MODE = wholemodule;
				VALIDATE_PRODUCT = YES;
			};
			name = Release;
		};
		291F87E32CBE71AA00D427D5 /* Debug */ = {
			isa = XCBuildConfiguration;
			buildSettings = {
				ASSETCATALOG_COMPILER_APPICON_NAME = AppIcon;
				ASSETCATALOG_COMPILER_GLOBAL_ACCENT_COLOR_NAME = AccentColor;
				CODE_SIGN_STYLE = Automatic;
				CURRENT_PROJECT_VERSION = 1;
				DEVELOPMENT_ASSET_PATHS = "\"Witch/Preview Content\"";
				DEVELOPMENT_TEAM = SS69B87VMV;
				ENABLE_PREVIEWS = YES;
				GENERATE_INFOPLIST_FILE = YES;
				INFOPLIST_KEY_UIApplicationSceneManifest_Generation = YES;
				INFOPLIST_KEY_UIApplicationSupportsIndirectInputEvents = YES;
				INFOPLIST_KEY_UILaunchScreen_Generation = YES;
				INFOPLIST_KEY_UISupportedInterfaceOrientations = UIInterfaceOrientationPortrait;
				LD_RUNPATH_SEARCH_PATHS = (
					"$(inherited)",
					"@executable_path/Frameworks",
				);
				MARKETING_VERSION = 1.0;
				PRODUCT_BUNDLE_IDENTIFIER = com.glnygl.Witch;
				PRODUCT_NAME = "$(TARGET_NAME)";
				SWIFT_EMIT_LOC_STRINGS = YES;
				SWIFT_VERSION = 5.0;
				TARGETED_DEVICE_FAMILY = "1,2";
			};
			name = Debug;
		};
		291F87E42CBE71AA00D427D5 /* Release */ = {
			isa = XCBuildConfiguration;
			buildSettings = {
				ASSETCATALOG_COMPILER_APPICON_NAME = AppIcon;
				ASSETCATALOG_COMPILER_GLOBAL_ACCENT_COLOR_NAME = AccentColor;
				CODE_SIGN_STYLE = Automatic;
				CURRENT_PROJECT_VERSION = 1;
				DEVELOPMENT_ASSET_PATHS = "\"Witch/Preview Content\"";
				DEVELOPMENT_TEAM = SS69B87VMV;
				ENABLE_PREVIEWS = YES;
				GENERATE_INFOPLIST_FILE = YES;
				INFOPLIST_KEY_UIApplicationSceneManifest_Generation = YES;
				INFOPLIST_KEY_UIApplicationSupportsIndirectInputEvents = YES;
				INFOPLIST_KEY_UILaunchScreen_Generation = YES;
				INFOPLIST_KEY_UISupportedInterfaceOrientations = UIInterfaceOrientationPortrait;
				LD_RUNPATH_SEARCH_PATHS = (
					"$(inherited)",
					"@executable_path/Frameworks",
				);
				MARKETING_VERSION = 1.0;
				PRODUCT_BUNDLE_IDENTIFIER = com.glnygl.Witch;
				PRODUCT_NAME = "$(TARGET_NAME)";
				SWIFT_EMIT_LOC_STRINGS = YES;
				SWIFT_VERSION = 5.0;
				TARGETED_DEVICE_FAMILY = "1,2";
			};
			name = Release;
		};
		291F87E62CBE71AA00D427D5 /* Debug */ = {
			isa = XCBuildConfiguration;
			buildSettings = {
				BUNDLE_LOADER = "$(TEST_HOST)";
				CLANG_ENABLE_MODULES = YES;
				CODE_SIGN_STYLE = Automatic;
				CURRENT_PROJECT_VERSION = 1;
				DEVELOPMENT_TEAM = SS69B87VMV;
				GENERATE_INFOPLIST_FILE = YES;
				IPHONEOS_DEPLOYMENT_TARGET = 18.0;
				MARKETING_VERSION = 1.0;
				PRODUCT_BUNDLE_IDENTIFIER = com.glnygl.WitchTests;
				PRODUCT_NAME = "$(TARGET_NAME)";
				SWIFT_EMIT_LOC_STRINGS = NO;
				SWIFT_OPTIMIZATION_LEVEL = "-Onone";
				SWIFT_VERSION = 5.0;
				TARGETED_DEVICE_FAMILY = "1,2";
				TEST_HOST = "$(BUILT_PRODUCTS_DIR)/Witch.app/$(BUNDLE_EXECUTABLE_FOLDER_PATH)/Witch";
			};
			name = Debug;
		};
		291F87E72CBE71AA00D427D5 /* Release */ = {
			isa = XCBuildConfiguration;
			buildSettings = {
				BUNDLE_LOADER = "$(TEST_HOST)";
				CLANG_ENABLE_MODULES = YES;
				CODE_SIGN_STYLE = Automatic;
				CURRENT_PROJECT_VERSION = 1;
				DEVELOPMENT_TEAM = SS69B87VMV;
				GENERATE_INFOPLIST_FILE = YES;
				IPHONEOS_DEPLOYMENT_TARGET = 18.0;
				MARKETING_VERSION = 1.0;
				PRODUCT_BUNDLE_IDENTIFIER = com.glnygl.WitchTests;
				PRODUCT_NAME = "$(TARGET_NAME)";
				SWIFT_EMIT_LOC_STRINGS = NO;
				SWIFT_VERSION = 5.0;
				TARGETED_DEVICE_FAMILY = "1,2";
				TEST_HOST = "$(BUILT_PRODUCTS_DIR)/Witch.app/$(BUNDLE_EXECUTABLE_FOLDER_PATH)/Witch";
			};
			name = Release;
		};
		291F87E92CBE71AA00D427D5 /* Debug */ = {
			isa = XCBuildConfiguration;
			buildSettings = {
				CODE_SIGN_STYLE = Automatic;
				CURRENT_PROJECT_VERSION = 1;
				DEVELOPMENT_TEAM = SS69B87VMV;
				GENERATE_INFOPLIST_FILE = YES;
				MARKETING_VERSION = 1.0;
				PRODUCT_BUNDLE_IDENTIFIER = com.glnygl.WitchUITests;
				PRODUCT_NAME = "$(TARGET_NAME)";
				SWIFT_EMIT_LOC_STRINGS = NO;
				SWIFT_VERSION = 5.0;
				TARGETED_DEVICE_FAMILY = "1,2";
				TEST_TARGET_NAME = Witch;
			};
			name = Debug;
		};
		291F87EA2CBE71AA00D427D5 /* Release */ = {
			isa = XCBuildConfiguration;
			buildSettings = {
				CODE_SIGN_STYLE = Automatic;
				CURRENT_PROJECT_VERSION = 1;
				DEVELOPMENT_TEAM = SS69B87VMV;
				GENERATE_INFOPLIST_FILE = YES;
				MARKETING_VERSION = 1.0;
				PRODUCT_BUNDLE_IDENTIFIER = com.glnygl.WitchUITests;
				PRODUCT_NAME = "$(TARGET_NAME)";
				SWIFT_EMIT_LOC_STRINGS = NO;
				SWIFT_VERSION = 5.0;
				TARGETED_DEVICE_FAMILY = "1,2";
				TEST_TARGET_NAME = Witch;
			};
			name = Release;
		};
/* End XCBuildConfiguration section */

/* Begin XCConfigurationList section */
		291F87B42CBE71A800D427D5 /* Build configuration list for PBXProject "Witch" */ = {
			isa = XCConfigurationList;
			buildConfigurations = (
				291F87E02CBE71AA00D427D5 /* Debug */,
				291F87E12CBE71AA00D427D5 /* Release */,
			);
			defaultConfigurationIsVisible = 0;
			defaultConfigurationName = Release;
		};
		291F87E22CBE71AA00D427D5 /* Build configuration list for PBXNativeTarget "Witch" */ = {
			isa = XCConfigurationList;
			buildConfigurations = (
				291F87E32CBE71AA00D427D5 /* Debug */,
				291F87E42CBE71AA00D427D5 /* Release */,
			);
			defaultConfigurationIsVisible = 0;
			defaultConfigurationName = Release;
		};
		291F87E52CBE71AA00D427D5 /* Build configuration list for PBXNativeTarget "WitchTests" */ = {
			isa = XCConfigurationList;
			buildConfigurations = (
				291F87E62CBE71AA00D427D5 /* Debug */,
				291F87E72CBE71AA00D427D5 /* Release */,
			);
			defaultConfigurationIsVisible = 0;
			defaultConfigurationName = Release;
		};
		291F87E82CBE71AA00D427D5 /* Build configuration list for PBXNativeTarget "WitchUITests" */ = {
			isa = XCConfigurationList;
			buildConfigurations = (
				291F87E92CBE71AA00D427D5 /* Debug */,
				291F87EA2CBE71AA00D427D5 /* Release */,
			);
			defaultConfigurationIsVisible = 0;
			defaultConfigurationName = Release;
		};
/* End XCConfigurationList section */

/* Begin XCRemoteSwiftPackageReference section */
		291F8B352CC4185800D427D5 /* XCRemoteSwiftPackageReference "swiftui-cached-async-image" */ = {
			isa = XCRemoteSwiftPackageReference;
			repositoryURL = "https://github.com/lorenzofiamingo/swiftui-cached-async-image";
			requirement = {
				kind = upToNextMajorVersion;
				minimumVersion = 2.1.1;
			};
		};
/* End XCRemoteSwiftPackageReference section */

/* Begin XCSwiftPackageProductDependency section */
		291F88202CBE98BE00D427D5 /* Network */ = {
			isa = XCSwiftPackageProductDependency;
			productName = Network;
		};
		291F8B362CC418D400D427D5 /* CachedAsyncImage */ = {
			isa = XCSwiftPackageProductDependency;
			package = 291F8B352CC4185800D427D5 /* XCRemoteSwiftPackageReference "swiftui-cached-async-image" */;
			productName = CachedAsyncImage;
		};
/* End XCSwiftPackageProductDependency section */
	};
	rootObject = 291F87B12CBE71A800D427D5 /* Project object */;
}
